{
  "requires": true,
  "lockfileVersion": 1,
  "dependencies": {
    "@types/bootstrap": {
      "version": "4.1.2",
      "resolved": "https://registry.npmjs.org/@types/bootstrap/-/bootstrap-4.1.2.tgz",
      "integrity": "sha512-BiC/IxqyLS68UFp71t2Px80ql/FpaUKSy469aa6HTDFRkv/FvdzRZjF6ifDql/VKSLyin5AZa/yARLetMFM4rQ==",
      "dev": true,
      "requires": {
        "@types/jquery": "3.3.5",
        "popper.js": "1.14.3"
      }
    },
    "@types/google-apps-script": {
      "version": "0.0.26",
      "resolved": "https://registry.npmjs.org/@types/google-apps-script/-/google-apps-script-0.0.26.tgz",
      "integrity": "sha512-v6Vvqt2gVFIZbT+BDXFoogmX4PCzwc62BenMncN0IyAMiHK71uJ2wOhixgwPyBJQd0cjMsIPN4AJDrkiNHaIUQ=="
    },
    "@types/jquery": {
      "version": "3.3.5",
      "resolved": "https://registry.npmjs.org/@types/jquery/-/jquery-3.3.5.tgz",
      "integrity": "sha512-18OnkBZ+9pOx8grC2w4i256VS+9j/Ya/N0DcWkZRgPrg7V2oolgk8n7790goBlnChL6nIXAXy1lBTrz/r4lJTg=="
    },
    "popper.js": {
      "version": "1.14.3",
      "resolved": "https://registry.npmjs.org/popper.js/-/popper.js-1.14.3.tgz",
      "integrity": "sha1-FDj5jQRqz3tNeM1QK/QYrGTU8JU=",
      "dev": true
    }
  }
}
