{
  "requires": true,
  "lockfileVersion": 1,
  "dependencies": {
    "@types/google-apps-script": {
      "version": "0.0.26",
      "resolved": "https://registry.npmjs.org/@types/google-apps-script/-/google-apps-script-0.0.26.tgz",
      "integrity": "sha512-v6Vvqt2gVFIZbT+BDXFoogmX4PCzwc62BenMncN0IyAMiHK71uJ2wOhixgwPyBJQd0cjMsIPN4AJDrkiNHaIUQ=="
    }
  }
}
